<?xml version="1.0" encoding="utf-8"?>
<Project ToolsVersion="4.0" xmlns="http://schemas.microsoft.com/developer/msbuild/2003">
  <ItemGroup>
    <Filter Include="Components">
      <UniqueIdentifier>{6B7DD516-5735-1764-C03C-F0BFAC13B254}</UniqueIdentifier>
    </Filter>
    <Filter Include="ECS">
      <UniqueIdentifier>{60E1870B-CCEA-877C-5566-9E7CC16E937C}</UniqueIdentifier>
    </Filter>
    <Filter Include="Editor">
      <UniqueIdentifier>{8C1A20B0-78BC-4A86-6177-5EDA4DB8D1D6}</UniqueIdentifier>
    </Filter>
    <Filter Include="Graphics">
      <UniqueIdentifier>{1653CE33-0220-293F-2B39-17E717655ECD}</UniqueIdentifier>
    </Filter>
    <Filter Include="Input">
      <UniqueIdentifier>{953A660D-014F-8EBE-CAD0-311E36A48AEF}</UniqueIdentifier>
    </Filter>
    <Filter Include="Math">
      <UniqueIdentifier>{AFF4887C-9B2B-8A0D-4418-7010302E060F}</UniqueIdentifier>
    </Filter>
    <Filter Include="Messaging">
      <UniqueIdentifier>{E3A043D9-4F0B-F84F-9849-A9F504F3D5A4}</UniqueIdentifier>
    </Filter>
    <Filter Include="Physics">
      <UniqueIdentifier>{888B590D-F46A-D8A8-FD82-637F69E13E0A}</UniqueIdentifier>
    </Filter>
    <Filter Include="Scripting">
      <UniqueIdentifier>{985A7358-04C5-27CF-4D03-D974B9AC0524}</UniqueIdentifier>
    </Filter>
    <Filter Include="Systems">
      <UniqueIdentifier>{1DDE831B-89BD-02B7-92D5-8D8DFE336918}</UniqueIdentifier>
    </Filter>
  </ItemGroup>
  <ItemGroup>
    <ClInclude Include="source\CarmicahCore.h" />
    <ClInclude Include="source\CarmicahTime.h" />
    <ClInclude Include="source\Components\Animation.h">
      <Filter>Components</Filter>
    </ClInclude>
    <ClInclude Include="source\Components\BaseComponent.h">
      <Filter>Components</Filter>
    </ClInclude>
    <ClInclude Include="source\Components\BaseTransform.h">
      <Filter>Components</Filter>
    </ClInclude>
    <ClInclude Include="source\Components\Collider2D.h">
      <Filter>Components</Filter>
    </ClInclude>
    <ClInclude Include="source\Components\Forces.h">
      <Filter>Components</Filter>
    </ClInclude>
    <ClInclude Include="source\Components\Renderer.h">
      <Filter>Components</Filter>
    </ClInclude>
    <ClInclude Include="source\Components\RigidBody.h">
      <Filter>Components</Filter>
    </ClInclude>
    <ClInclude Include="source\Components\TextRenderer.h">
      <Filter>Components</Filter>
    </ClInclude>
    <ClInclude Include="source\Components\Transform.h">
      <Filter>Components</Filter>
    </ClInclude>
    <ClInclude Include="source\Components\UITransform.h">
      <Filter>Components</Filter>
    </ClInclude>
    <ClInclude Include="source\ECS\BaseSystem.h">
      <Filter>ECS</Filter>
    </ClInclude>
    <ClInclude Include="source\ECS\Component.h">
      <Filter>ECS</Filter>
    </ClInclude>
    <ClInclude Include="source\ECS\ComponentManager.h">
      <Filter>ECS</Filter>
    </ClInclude>
    <ClInclude Include="source\ECS\ECSTypes.h">
      <Filter>ECS</Filter>
    </ClInclude>
    <ClInclude Include="source\ECS\EntityManager.h">
      <Filter>ECS</Filter>
    </ClInclude>
    <ClInclude Include="source\ECS\GameObject.h">
      <Filter>ECS</Filter>
    </ClInclude>
    <ClInclude Include="source\ECS\SystemManager.h">
      <Filter>ECS</Filter>
    </ClInclude>
    <ClInclude Include="source\Editor\AssetWindow.h">
      <Filter>Editor</Filter>
    </ClInclude>
    <ClInclude Include="source\Editor\DebugWindow.h">
      <Filter>Editor</Filter>
    </ClInclude>
    <ClInclude Include="source\Editor\Editor.h">
      <Filter>Editor</Filter>
    </ClInclude>
    <ClInclude Include="source\Editor\EditorWindow.h">
      <Filter>Editor</Filter>
    </ClInclude>
    <ClInclude Include="source\Editor\HierarchyWindow.h">
      <Filter>Editor</Filter>
    </ClInclude>
    <ClInclude Include="source\Editor\InspectorWindow.h">
      <Filter>Editor</Filter>
    </ClInclude>
    <ClInclude Include="source\Editor\SceneToImgui.h">
      <Filter>Editor</Filter>
    </ClInclude>
    <ClInclude Include="source\Editor\SceneWindow.h">
      <Filter>Editor</Filter>
    </ClInclude>
    <ClInclude Include="source\Graphics\AnimationSystem.h">
      <Filter>Graphics</Filter>
    </ClInclude>
    <ClInclude Include="source\Graphics\BaseGraphicsSystem.h">
      <Filter>Graphics</Filter>
    </ClInclude>
    <ClInclude Include="source\Graphics\ColliderRenderSystem.h">
      <Filter>Graphics</Filter>
    </ClInclude>
    <ClInclude Include="source\Graphics\GraphicsSystem.h">
      <Filter>Graphics</Filter>
    </ClInclude>
    <ClInclude Include="source\Graphics\RigidbodyRendererSystem.h">
      <Filter>Graphics</Filter>
    </ClInclude>
    <ClInclude Include="source\Graphics\TextSystem.h">
      <Filter>Graphics</Filter>
    </ClInclude>
    <ClInclude Include="source\Graphics\UIGraphicsSystem.h">
      <Filter>Graphics</Filter>
    </ClInclude>
    <ClInclude Include="source\Input\InputSystem.h">
      <Filter>Input</Filter>
    </ClInclude>
    <ClInclude Include="source\Input\InputTypes.h">
      <Filter>Input</Filter>
    </ClInclude>
    <ClInclude Include="source\Math\Matrix3x3.h">
      <Filter>Math</Filter>
    </ClInclude>
    <ClInclude Include="source\Math\Vec2.h">
      <Filter>Math</Filter>
    </ClInclude>
    <ClInclude Include="source\Messaging\InputMessage.h">
      <Filter>Messaging</Filter>
    </ClInclude>
    <ClInclude Include="source\Messaging\Message.h">
      <Filter>Messaging</Filter>
    </ClInclude>
    <ClInclude Include="source\Physics\ForcesManager.h">
      <Filter>Physics</Filter>
    </ClInclude>
    <ClInclude Include="source\Physics\PhysicsSystem.h">
      <Filter>Physics</Filter>
    </ClInclude>
    <ClInclude Include="source\Scripting\ScriptFunctions.h">
      <Filter>Scripting</Filter>
    </ClInclude>
    <ClInclude Include="source\Scripting\ScriptObject.h">
      <Filter>Scripting</Filter>
    </ClInclude>
    <ClInclude Include="source\Scripting\ScriptSystem.h">
      <Filter>Scripting</Filter>
    </ClInclude>
    <ClInclude Include="source\Singleton.h" />
    <ClInclude Include="source\Systems\AssetManager.h">
      <Filter>Systems</Filter>
    </ClInclude>
    <ClInclude Include="source\Systems\AssetTypes.h">
      <Filter>Systems</Filter>
    </ClInclude>
    <ClInclude Include="source\Systems\CollisionSystem.h">
      <Filter>Systems</Filter>
    </ClInclude>
    <ClInclude Include="source\Systems\GOFactory.h">
      <Filter>Systems</Filter>
    </ClInclude>
    <ClInclude Include="source\Systems\GameLogic.h">
      <Filter>Systems</Filter>
    </ClInclude>
    <ClInclude Include="source\Systems\SceneSystem.h">
      <Filter>Systems</Filter>
    </ClInclude>
    <ClInclude Include="source\Systems\SerializerSystem.h">
      <Filter>Systems</Filter>
    </ClInclude>
    <ClInclude Include="source\Systems\SoundSystem.h">
      <Filter>Systems</Filter>
    </ClInclude>
    <ClInclude Include="source\Systems\TransformSystem.h">
      <Filter>Systems</Filter>
    </ClInclude>
    <ClInclude Include="source\log.h" />
    <ClInclude Include="source\pch.h" />
    <ClInclude Include="source\Components\Script.h">
      <Filter>Components</Filter>
    </ClInclude>
  </ItemGroup>
  <ItemGroup>
    <ClCompile Include="source\CarmicahCore.cpp" />
    <ClCompile Include="source\CarmicahTime.cpp" />
    <ClCompile Include="source\ECS\ComponentManager.cpp">
      <Filter>ECS</Filter>
    </ClCompile>
    <ClCompile Include="source\ECS\EntityManager.cpp">
      <Filter>ECS</Filter>
    </ClCompile>
    <ClCompile Include="source\ECS\GameObject.cpp">
      <Filter>ECS</Filter>
    </ClCompile>
    <ClCompile Include="source\ECS\SystemManager.cpp">
      <Filter>ECS</Filter>
    </ClCompile>
    <ClCompile Include="source\Editor\AssetWindow.cpp">
      <Filter>Editor</Filter>
    </ClCompile>
    <ClCompile Include="source\Editor\DebugWindow.cpp">
      <Filter>Editor</Filter>
    </ClCompile>
    <ClCompile Include="source\Editor\Editor.cpp">
      <Filter>Editor</Filter>
    </ClCompile>
    <ClCompile Include="source\Editor\EditorWindow.cpp">
      <Filter>Editor</Filter>
    </ClCompile>
    <ClCompile Include="source\Editor\HierarchyWindow.cpp">
      <Filter>Editor</Filter>
    </ClCompile>
    <ClCompile Include="source\Editor\InspectorWindow.cpp">
      <Filter>Editor</Filter>
    </ClCompile>
    <ClCompile Include="source\Editor\SceneToImgui.cpp">
      <Filter>Editor</Filter>
    </ClCompile>
    <ClCompile Include="source\Editor\SceneWindow.cpp">
      <Filter>Editor</Filter>
    </ClCompile>
    <ClCompile Include="source\Graphics\AnimationSystem.cpp">
      <Filter>Graphics</Filter>
    </ClCompile>
    <ClCompile Include="source\Graphics\BaseGraphicsSystem.cpp">
      <Filter>Graphics</Filter>
    </ClCompile>
    <ClCompile Include="source\Graphics\ColliderRenderSystem.cpp">
      <Filter>Graphics</Filter>
    </ClCompile>
    <ClCompile Include="source\Graphics\GraphicsSystem.cpp">
      <Filter>Graphics</Filter>
    </ClCompile>
    <ClCompile Include="source\Graphics\RigidbodyRendererSystem.cpp">
      <Filter>Graphics</Filter>
    </ClCompile>
    <ClCompile Include="source\Graphics\TextSystem.cpp">
      <Filter>Graphics</Filter>
    </ClCompile>
    <ClCompile Include="source\Graphics\UIGraphicsSystem.cpp">
      <Filter>Graphics</Filter>
    </ClCompile>
    <ClCompile Include="source\Input\InputSystem.cpp">
      <Filter>Input</Filter>
    </ClCompile>
    <ClCompile Include="source\Physics\ForcesManager.cpp">
      <Filter>Physics</Filter>
    </ClCompile>
    <ClCompile Include="source\Physics\PhysicsSystem.cpp">
      <Filter>Physics</Filter>
    </ClCompile>
    <ClCompile Include="source\Scripting\ScriptFunctions.cpp">
      <Filter>Scripting</Filter>
    </ClCompile>
    <ClCompile Include="source\Scripting\ScriptObject.cpp">
      <Filter>Scripting</Filter>
    </ClCompile>
    <ClCompile Include="source\Scripting\ScriptSystem.cpp">
      <Filter>Scripting</Filter>
    </ClCompile>
    <ClCompile Include="source\Systems\AssetManager.cpp">
      <Filter>Systems</Filter>
    </ClCompile>
    <ClCompile Include="source\Systems\CollisionSystem.cpp">
      <Filter>Systems</Filter>
    </ClCompile>
    <ClCompile Include="source\Systems\GOFactory.cpp">
      <Filter>Systems</Filter>
    </ClCompile>
    <ClCompile Include="source\Systems\GameLogic.cpp">
      <Filter>Systems</Filter>
    </ClCompile>
    <ClCompile Include="source\Systems\SceneSystem.cpp">
      <Filter>Systems</Filter>
    </ClCompile>
    <ClCompile Include="source\Systems\SerializerSystem.cpp">
      <Filter>Systems</Filter>
    </ClCompile>
    <ClCompile Include="source\Systems\SoundSystem.cpp">
      <Filter>Systems</Filter>
    </ClCompile>
    <ClCompile Include="source\Systems\TransformSystem.cpp">
      <Filter>Systems</Filter>
    </ClCompile>
    <ClCompile Include="source\log.cpp" />
    <ClCompile Include="source\pch.cpp" />
  </ItemGroup>
</Project>