
Microsoft Visual Studio Solution File, Format Version 12.00
# Visual Studio Version 17
VisualStudioVersion = 17.3.32825.248
MinimumVisualStudioVersion = 10.0.40219.1
Project("{8BC9CEB8-8B4A-11D0-8D11-00A0C91BC942}") = "CarmicahApp", "CarmicahApp\CarmicahApp.vcxproj", "{3E9A7A84-C9E1-4778-8EB4-C0A5C5C11D92}"
EndProject
Project("{8BC9CEB8-8B4A-11D0-8D11-00A0C91BC942}") = "Carmicah", "Carmicah\Carmicah.vcxproj", "{ABE9CE24-9681-4070-B264-EBE968B90425}"
EndProject
Global
	GlobalSection(SolutionConfigurationPlatforms) = preSolution
		Debug|x64 = Debug|x64
		Release|x64 = Release|x64
	EndGlobalSection
	GlobalSection(ProjectConfigurationPlatforms) = postSolution
		{ABE9CE24-9681-4070-B264-EBE968B90425}.Debug|x64.ActiveCfg = Debug|x64
		{ABE9CE24-9681-4070-B264-EBE968B90425}.Debug|x64.Build.0 = Debug|x64
		{ABE9CE24-9681-4070-B264-EBE968B90425}.Release|x64.ActiveCfg = Release|x64
		{ABE9CE24-9681-4070-B264-EBE968B90425}.Release|x64.Build.0 = Release|x64
		{3E9A7A84-C9E1-4778-8EB4-C0A5C5C11D92}.Debug|x64.ActiveCfg = Debug|x64
		{3E9A7A84-C9E1-4778-8EB4-C0A5C5C11D92}.Debug|x64.Build.0 = Debug|x64
		{3E9A7A84-C9E1-4778-8EB4-C0A5C5C11D92}.Release|x64.ActiveCfg = Release|x64
		{3E9A7A84-C9E1-4778-8EB4-C0A5C5C11D92}.Release|x64.Build.0 = Release|x64
	EndGlobalSection
	GlobalSection(SolutionProperties) = preSolution
		HideSolutionNode = FALSE
	EndGlobalSection
	GlobalSection(ExtensibilityGlobals) = postSolution
		SolutionGuid = {E3D166CA-2877-44E6-8239-3AA1B31F8479}
	EndGlobalSection
EndGlobal
