<?xml version="1.0" encoding="utf-8"?>
<Project ToolsVersion="4.0" xmlns="http://schemas.microsoft.com/developer/msbuild/2003">
  <ItemGroup>
    <Filter Include="Carmicah">
      <UniqueIdentifier>{7DD29A8D-699F-F598-92B8-E3407EE42A27}</UniqueIdentifier>
    </Filter>
    <Filter Include="ECS">
      <UniqueIdentifier>{5d866541-a579-459e-af46-502e01eb3db2}</UniqueIdentifier>
    </Filter>
  </ItemGroup>
  <ItemGroup>
    <ClInclude Include="source\Carmicah.h" />
    <ClInclude Include="source\Carmicah\Application.h">
      <Filter>Carmicah</Filter>
    </ClInclude>
    <ClInclude Include="source\Carmicah\CarmicahCore.h">
      <Filter>Carmicah</Filter>
    </ClInclude>
    <ClInclude Include="source\pch.h" />
    <ClInclude Include="source\Singleton.h">
      <Filter>Carmicah</Filter>
    </ClInclude>
    <ClInclude Include="source\GameObject.h">
      <Filter>Carmicah</Filter>
    </ClInclude>
    <ClInclude Include="source\BaseSystem.h">
      <Filter>ECS</Filter>
    </ClInclude>
    <ClInclude Include="source\Component.h">
      <Filter>ECS</Filter>
    </ClInclude>
    <ClInclude Include="source\ComponentManager.h">
      <Filter>ECS</Filter>
    </ClInclude>
    <ClInclude Include="source\ECSTypes.h">
      <Filter>ECS</Filter>
    </ClInclude>
    <ClInclude Include="source\EntityManager.h">
      <Filter>ECS</Filter>
    </ClInclude>
    <ClInclude Include="source\SystemManager.h">
      <Filter>ECS</Filter>
    </ClInclude>
    <ClInclude Include="source\CollisionSystem.h" />
    <ClInclude Include="source\Carmicah\Transform.h" />
    <ClInclude Include="source\Carmicah\Collider2D.h" />
  </ItemGroup>
  <ItemGroup>
    <ClCompile Include="source\Carmicah\Application.cpp">
      <Filter>Carmicah</Filter>
    </ClCompile>
    <ClCompile Include="source\pch.cpp" />
    <ClCompile Include="source\CollisionSystem.cpp" />
  </ItemGroup>
</Project>