<?xml version="1.0" encoding="utf-8"?>
<Project ToolsVersion="4.0" xmlns="http://schemas.microsoft.com/developer/msbuild/2003">
  <ItemGroup>
    <Filter Include="Carmicah">
      <UniqueIdentifier>{7DD29A8D-699F-F598-92B8-E3407EE42A27}</UniqueIdentifier>
    </Filter>
    <Filter Include="ECS">
      <UniqueIdentifier>{5d866541-a579-459e-af46-502e01eb3db2}</UniqueIdentifier>
    </Filter>
  </ItemGroup>
  <ItemGroup>
    <ClInclude Include="source\Carmicah.h" />
    <ClInclude Include="source\Carmicah\Application.h">
      <Filter>Carmicah</Filter>
    </ClInclude>
    <ClInclude Include="source\Carmicah\CarmicahCore.h">
      <Filter>Carmicah</Filter>
    </ClInclude>
    <ClInclude Include="source\pch.h" />
    <ClInclude Include="EntityManager.h">
      <Filter>ECS</Filter>
    </ClInclude>
    <ClInclude Include="Entity.h">
      <Filter>ECS</Filter>
    </ClInclude>
    <ClInclude Include="Component.h">
      <Filter>ECS</Filter>
    </ClInclude>
    <ClInclude Include="ComponentManager.h">
      <Filter>ECS</Filter>
    </ClInclude>
  </ItemGroup>
  <ItemGroup>
    <ClCompile Include="source\Carmicah\Application.cpp">
      <Filter>Carmicah</Filter>
    </ClCompile>
    <ClCompile Include="source\pch.cpp" />
    <ClCompile Include="EntityManager.cpp">
      <Filter>ECS</Filter>
    </ClCompile>
    <ClCompile Include="Component.cpp">
      <Filter>ECS</Filter>
    </ClCompile>
    <ClCompile Include="ComponentManager.cpp">
      <Filter>ECS</Filter>
    </ClCompile>
  </ItemGroup>
</Project>